
Microsoft Visual Studio Solution File, Format Version 12.00
# Visual Studio Version 17
VisualStudioVersion = 17.11.35327.3
MinimumVisualStudioVersion = 10.0.40219.1
Project("{FAE04EC0-301F-11D3-BF4B-00C04F79EFBC}") = "ManoelStore", "ManoelStore\ManoelStore.csproj", "{18EC72C5-2EEF-43CD-A4D1-84A8563ED7DE}"
EndProject
Project("{FAE04EC0-301F-11D3-BF4B-00C04F79EFBC}") = "ManoelStoreTest", "ManoelStoreTest\ManoelStoreTest.csproj", "{94D420B1-A9FB-4CED-8D8E-E8B8E62FCEE6}"
EndProject
Global
	GlobalSection(SolutionConfigurationPlatforms) = preSolution
		Debug|Any CPU = Debug|Any CPU
		Release|Any CPU = Release|Any CPU
	EndGlobalSection
	GlobalSection(ProjectConfigurationPlatforms) = postSolution
		{18EC72C5-2EEF-43CD-A4D1-84A8563ED7DE}.Debug|Any CPU.ActiveCfg = Debug|Any CPU
		{18EC72C5-2EEF-43CD-A4D1-84A8563ED7DE}.Debug|Any CPU.Build.0 = Debug|Any CPU
		{18EC72C5-2EEF-43CD-A4D1-84A8563ED7DE}.Release|Any CPU.ActiveCfg = Release|Any CPU
		{18EC72C5-2EEF-43CD-A4D1-84A8563ED7DE}.Release|Any CPU.Build.0 = Release|Any CPU
		{94D420B1-A9FB-4CED-8D8E-E8B8E62FCEE6}.Debug|Any CPU.ActiveCfg = Debug|Any CPU
		{94D420B1-A9FB-4CED-8D8E-E8B8E62FCEE6}.Debug|Any CPU.Build.0 = Debug|Any CPU
		{94D420B1-A9FB-4CED-8D8E-E8B8E62FCEE6}.Release|Any CPU.ActiveCfg = Release|Any CPU
		{94D420B1-A9FB-4CED-8D8E-E8B8E62FCEE6}.Release|Any CPU.Build.0 = Release|Any CPU
	EndGlobalSection
	GlobalSection(SolutionProperties) = preSolution
		HideSolutionNode = FALSE
	EndGlobalSection
	GlobalSection(ExtensibilityGlobals) = postSolution
		SolutionGuid = {C882808A-C6E9-4285-A2A4-15E39C4BACC1}
	EndGlobalSection
EndGlobal
